
Microsoft Visual Studio Solution File, Format Version 12.00
# Visual Studio Version 16
VisualStudioVersion = 16.0.30002.166
MinimumVisualStudioVersion = 10.0.40219.1
Project("{9A19103F-16F7-4668-BE54-9A1E7A4F7556}") = "UserUi", "UserUi\UserUi.csproj", "{B9A3A292-8CB4-4B45-94E0-EFE4340AA93D}"
EndProject
Project("{9A19103F-16F7-4668-BE54-9A1E7A4F7556}") = "EmployeeClassLibrary", "ClassLibrary1\EmployeeClassLibrary.csproj", "{6D1FC767-F84D-4E9A-8BE3-FACB19334391}"
EndProject
Project("{9A19103F-16F7-4668-BE54-9A1E7A4F7556}") = "AdminUi", "AdminUi\AdminUi.csproj", "{F7010A9A-E77F-4E89-893B-2D491B24A6DC}"
EndProject
Global
	GlobalSection(SolutionConfigurationPlatforms) = preSolution
		Debug|Any CPU = Debug|Any CPU
		Release|Any CPU = Release|Any CPU
	EndGlobalSection
	GlobalSection(ProjectConfigurationPlatforms) = postSolution
		{B9A3A292-8CB4-4B45-94E0-EFE4340AA93D}.Debug|Any CPU.ActiveCfg = Debug|Any CPU
		{B9A3A292-8CB4-4B45-94E0-EFE4340AA93D}.Debug|Any CPU.Build.0 = Debug|Any CPU
		{B9A3A292-8CB4-4B45-94E0-EFE4340AA93D}.Release|Any CPU.ActiveCfg = Release|Any CPU
		{B9A3A292-8CB4-4B45-94E0-EFE4340AA93D}.Release|Any CPU.Build.0 = Release|Any CPU
		{6D1FC767-F84D-4E9A-8BE3-FACB19334391}.Debug|Any CPU.ActiveCfg = Debug|Any CPU
		{6D1FC767-F84D-4E9A-8BE3-FACB19334391}.Debug|Any CPU.Build.0 = Debug|Any CPU
		{6D1FC767-F84D-4E9A-8BE3-FACB19334391}.Release|Any CPU.ActiveCfg = Release|Any CPU
		{6D1FC767-F84D-4E9A-8BE3-FACB19334391}.Release|Any CPU.Build.0 = Release|Any CPU
		{F7010A9A-E77F-4E89-893B-2D491B24A6DC}.Debug|Any CPU.ActiveCfg = Debug|Any CPU
		{F7010A9A-E77F-4E89-893B-2D491B24A6DC}.Debug|Any CPU.Build.0 = Debug|Any CPU
		{F7010A9A-E77F-4E89-893B-2D491B24A6DC}.Release|Any CPU.ActiveCfg = Release|Any CPU
		{F7010A9A-E77F-4E89-893B-2D491B24A6DC}.Release|Any CPU.Build.0 = Release|Any CPU
	EndGlobalSection
	GlobalSection(SolutionProperties) = preSolution
		HideSolutionNode = FALSE
	EndGlobalSection
	GlobalSection(ExtensibilityGlobals) = postSolution
		SolutionGuid = {89B4079C-F8A7-497A-AB8A-313FA952BABC}
	EndGlobalSection
EndGlobal
